
Microsoft Visual Studio Solution File, Format Version 12.00
# Visual Studio 15
VisualStudioVersion = 15.0.26124.0
MinimumVisualStudioVersion = 15.0.26124.0
Project("{2150E333-8FDC-42A3-9474-1A3956D46DE8}") = "NetCore", "NetCore", "{F0B68295-6C2C-4495-8E7A-92641EAA6C37}"
EndProject
Project("{FAE04EC0-301F-11D3-BF4B-00C04F79EFBC}") = "MathLibrary", "NetCore\MathLibrary\MathLibrary.csproj", "{0ECE5F45-68BB-40C1-BD44-752FDB97736B}"
EndProject
Project("{FAE04EC0-301F-11D3-BF4B-00C04F79EFBC}") = "TestConsole", "NetCore\TestConsole\TestConsole.csproj", "{63DDCE32-5C4C-48FF-AB0A-9556F811D82F}"
EndProject
Project("{FAE04EC0-301F-11D3-BF4B-00C04F79EFBC}") = "MSUnitTests", "NetCore\MSUnitTests\MSUnitTests.csproj", "{EC79026C-9F2D-4C17-8671-3AAE0E8261BA}"
EndProject
Project("{FAE04EC0-301F-11D3-BF4B-00C04F79EFBC}") = "NUnitTests", "NetCore\NUnitTests\NUnitTests.csproj", "{710C0681-7120-4578-AD88-C5CE40227D51}"
EndProject
Project("{FAE04EC0-301F-11D3-BF4B-00C04F79EFBC}") = "XUnitTests", "NetCore\XUnitTests\XUnitTests.csproj", "{5CBF7553-3C40-4A02-B148-9E2270691547}"
EndProject
Project("{FAE04EC0-301F-11D3-BF4B-00C04F79EFBC}") = "WebEmpty", "NetCore\WebEmpty\WebEmpty.csproj", "{57CCC219-FFD0-4321-8EA9-9941BA6C724E}"
EndProject
Project("{FAE04EC0-301F-11D3-BF4B-00C04F79EFBC}") = "WebCoreApi", "NetCore\WebCoreApi\WebCoreApi.csproj", "{74C2F491-EDBB-4FD3-9D76-88250502CB30}"
EndProject
Global
	GlobalSection(SolutionConfigurationPlatforms) = preSolution
		Debug|Any CPU = Debug|Any CPU
		Debug|x64 = Debug|x64
		Debug|x86 = Debug|x86
		Release|Any CPU = Release|Any CPU
		Release|x64 = Release|x64
		Release|x86 = Release|x86
	EndGlobalSection
	GlobalSection(SolutionProperties) = preSolution
		HideSolutionNode = FALSE
	EndGlobalSection
	GlobalSection(ProjectConfigurationPlatforms) = postSolution
		{0ECE5F45-68BB-40C1-BD44-752FDB97736B}.Debug|Any CPU.ActiveCfg = Debug|Any CPU
		{0ECE5F45-68BB-40C1-BD44-752FDB97736B}.Debug|Any CPU.Build.0 = Debug|Any CPU
		{0ECE5F45-68BB-40C1-BD44-752FDB97736B}.Debug|x64.ActiveCfg = Debug|Any CPU
		{0ECE5F45-68BB-40C1-BD44-752FDB97736B}.Debug|x64.Build.0 = Debug|Any CPU
		{0ECE5F45-68BB-40C1-BD44-752FDB97736B}.Debug|x86.ActiveCfg = Debug|Any CPU
		{0ECE5F45-68BB-40C1-BD44-752FDB97736B}.Debug|x86.Build.0 = Debug|Any CPU
		{0ECE5F45-68BB-40C1-BD44-752FDB97736B}.Release|Any CPU.ActiveCfg = Release|Any CPU
		{0ECE5F45-68BB-40C1-BD44-752FDB97736B}.Release|Any CPU.Build.0 = Release|Any CPU
		{0ECE5F45-68BB-40C1-BD44-752FDB97736B}.Release|x64.ActiveCfg = Release|Any CPU
		{0ECE5F45-68BB-40C1-BD44-752FDB97736B}.Release|x64.Build.0 = Release|Any CPU
		{0ECE5F45-68BB-40C1-BD44-752FDB97736B}.Release|x86.ActiveCfg = Release|Any CPU
		{0ECE5F45-68BB-40C1-BD44-752FDB97736B}.Release|x86.Build.0 = Release|Any CPU
		{63DDCE32-5C4C-48FF-AB0A-9556F811D82F}.Debug|Any CPU.ActiveCfg = Debug|Any CPU
		{63DDCE32-5C4C-48FF-AB0A-9556F811D82F}.Debug|Any CPU.Build.0 = Debug|Any CPU
		{63DDCE32-5C4C-48FF-AB0A-9556F811D82F}.Debug|x64.ActiveCfg = Debug|Any CPU
		{63DDCE32-5C4C-48FF-AB0A-9556F811D82F}.Debug|x64.Build.0 = Debug|Any CPU
		{63DDCE32-5C4C-48FF-AB0A-9556F811D82F}.Debug|x86.ActiveCfg = Debug|Any CPU
		{63DDCE32-5C4C-48FF-AB0A-9556F811D82F}.Debug|x86.Build.0 = Debug|Any CPU
		{63DDCE32-5C4C-48FF-AB0A-9556F811D82F}.Release|Any CPU.ActiveCfg = Release|Any CPU
		{63DDCE32-5C4C-48FF-AB0A-9556F811D82F}.Release|Any CPU.Build.0 = Release|Any CPU
		{63DDCE32-5C4C-48FF-AB0A-9556F811D82F}.Release|x64.ActiveCfg = Release|Any CPU
		{63DDCE32-5C4C-48FF-AB0A-9556F811D82F}.Release|x64.Build.0 = Release|Any CPU
		{63DDCE32-5C4C-48FF-AB0A-9556F811D82F}.Release|x86.ActiveCfg = Release|Any CPU
		{63DDCE32-5C4C-48FF-AB0A-9556F811D82F}.Release|x86.Build.0 = Release|Any CPU
		{EC79026C-9F2D-4C17-8671-3AAE0E8261BA}.Debug|Any CPU.ActiveCfg = Debug|Any CPU
		{EC79026C-9F2D-4C17-8671-3AAE0E8261BA}.Debug|Any CPU.Build.0 = Debug|Any CPU
		{EC79026C-9F2D-4C17-8671-3AAE0E8261BA}.Debug|x64.ActiveCfg = Debug|Any CPU
		{EC79026C-9F2D-4C17-8671-3AAE0E8261BA}.Debug|x64.Build.0 = Debug|Any CPU
		{EC79026C-9F2D-4C17-8671-3AAE0E8261BA}.Debug|x86.ActiveCfg = Debug|Any CPU
		{EC79026C-9F2D-4C17-8671-3AAE0E8261BA}.Debug|x86.Build.0 = Debug|Any CPU
		{EC79026C-9F2D-4C17-8671-3AAE0E8261BA}.Release|Any CPU.ActiveCfg = Release|Any CPU
		{EC79026C-9F2D-4C17-8671-3AAE0E8261BA}.Release|Any CPU.Build.0 = Release|Any CPU
		{EC79026C-9F2D-4C17-8671-3AAE0E8261BA}.Release|x64.ActiveCfg = Release|Any CPU
		{EC79026C-9F2D-4C17-8671-3AAE0E8261BA}.Release|x64.Build.0 = Release|Any CPU
		{EC79026C-9F2D-4C17-8671-3AAE0E8261BA}.Release|x86.ActiveCfg = Release|Any CPU
		{EC79026C-9F2D-4C17-8671-3AAE0E8261BA}.Release|x86.Build.0 = Release|Any CPU
		{710C0681-7120-4578-AD88-C5CE40227D51}.Debug|Any CPU.ActiveCfg = Debug|Any CPU
		{710C0681-7120-4578-AD88-C5CE40227D51}.Debug|Any CPU.Build.0 = Debug|Any CPU
		{710C0681-7120-4578-AD88-C5CE40227D51}.Debug|x64.ActiveCfg = Debug|Any CPU
		{710C0681-7120-4578-AD88-C5CE40227D51}.Debug|x64.Build.0 = Debug|Any CPU
		{710C0681-7120-4578-AD88-C5CE40227D51}.Debug|x86.ActiveCfg = Debug|Any CPU
		{710C0681-7120-4578-AD88-C5CE40227D51}.Debug|x86.Build.0 = Debug|Any CPU
		{710C0681-7120-4578-AD88-C5CE40227D51}.Release|Any CPU.ActiveCfg = Release|Any CPU
		{710C0681-7120-4578-AD88-C5CE40227D51}.Release|Any CPU.Build.0 = Release|Any CPU
		{710C0681-7120-4578-AD88-C5CE40227D51}.Release|x64.ActiveCfg = Release|Any CPU
		{710C0681-7120-4578-AD88-C5CE40227D51}.Release|x64.Build.0 = Release|Any CPU
		{710C0681-7120-4578-AD88-C5CE40227D51}.Release|x86.ActiveCfg = Release|Any CPU
		{710C0681-7120-4578-AD88-C5CE40227D51}.Release|x86.Build.0 = Release|Any CPU
		{5CBF7553-3C40-4A02-B148-9E2270691547}.Debug|Any CPU.ActiveCfg = Debug|Any CPU
		{5CBF7553-3C40-4A02-B148-9E2270691547}.Debug|Any CPU.Build.0 = Debug|Any CPU
		{5CBF7553-3C40-4A02-B148-9E2270691547}.Debug|x64.ActiveCfg = Debug|Any CPU
		{5CBF7553-3C40-4A02-B148-9E2270691547}.Debug|x64.Build.0 = Debug|Any CPU
		{5CBF7553-3C40-4A02-B148-9E2270691547}.Debug|x86.ActiveCfg = Debug|Any CPU
		{5CBF7553-3C40-4A02-B148-9E2270691547}.Debug|x86.Build.0 = Debug|Any CPU
		{5CBF7553-3C40-4A02-B148-9E2270691547}.Release|Any CPU.ActiveCfg = Release|Any CPU
		{5CBF7553-3C40-4A02-B148-9E2270691547}.Release|Any CPU.Build.0 = Release|Any CPU
		{5CBF7553-3C40-4A02-B148-9E2270691547}.Release|x64.ActiveCfg = Release|Any CPU
		{5CBF7553-3C40-4A02-B148-9E2270691547}.Release|x64.Build.0 = Release|Any CPU
		{5CBF7553-3C40-4A02-B148-9E2270691547}.Release|x86.ActiveCfg = Release|Any CPU
		{5CBF7553-3C40-4A02-B148-9E2270691547}.Release|x86.Build.0 = Release|Any CPU
		{57CCC219-FFD0-4321-8EA9-9941BA6C724E}.Debug|Any CPU.ActiveCfg = Debug|Any CPU
		{57CCC219-FFD0-4321-8EA9-9941BA6C724E}.Debug|Any CPU.Build.0 = Debug|Any CPU
		{57CCC219-FFD0-4321-8EA9-9941BA6C724E}.Debug|x64.ActiveCfg = Debug|Any CPU
		{57CCC219-FFD0-4321-8EA9-9941BA6C724E}.Debug|x64.Build.0 = Debug|Any CPU
		{57CCC219-FFD0-4321-8EA9-9941BA6C724E}.Debug|x86.ActiveCfg = Debug|Any CPU
		{57CCC219-FFD0-4321-8EA9-9941BA6C724E}.Debug|x86.Build.0 = Debug|Any CPU
		{57CCC219-FFD0-4321-8EA9-9941BA6C724E}.Release|Any CPU.ActiveCfg = Release|Any CPU
		{57CCC219-FFD0-4321-8EA9-9941BA6C724E}.Release|Any CPU.Build.0 = Release|Any CPU
		{57CCC219-FFD0-4321-8EA9-9941BA6C724E}.Release|x64.ActiveCfg = Release|Any CPU
		{57CCC219-FFD0-4321-8EA9-9941BA6C724E}.Release|x64.Build.0 = Release|Any CPU
		{57CCC219-FFD0-4321-8EA9-9941BA6C724E}.Release|x86.ActiveCfg = Release|Any CPU
		{57CCC219-FFD0-4321-8EA9-9941BA6C724E}.Release|x86.Build.0 = Release|Any CPU
		{74C2F491-EDBB-4FD3-9D76-88250502CB30}.Debug|Any CPU.ActiveCfg = Debug|Any CPU
		{74C2F491-EDBB-4FD3-9D76-88250502CB30}.Debug|Any CPU.Build.0 = Debug|Any CPU
		{74C2F491-EDBB-4FD3-9D76-88250502CB30}.Debug|x64.ActiveCfg = Debug|Any CPU
		{74C2F491-EDBB-4FD3-9D76-88250502CB30}.Debug|x64.Build.0 = Debug|Any CPU
		{74C2F491-EDBB-4FD3-9D76-88250502CB30}.Debug|x86.ActiveCfg = Debug|Any CPU
		{74C2F491-EDBB-4FD3-9D76-88250502CB30}.Debug|x86.Build.0 = Debug|Any CPU
		{74C2F491-EDBB-4FD3-9D76-88250502CB30}.Release|Any CPU.ActiveCfg = Release|Any CPU
		{74C2F491-EDBB-4FD3-9D76-88250502CB30}.Release|Any CPU.Build.0 = Release|Any CPU
		{74C2F491-EDBB-4FD3-9D76-88250502CB30}.Release|x64.ActiveCfg = Release|Any CPU
		{74C2F491-EDBB-4FD3-9D76-88250502CB30}.Release|x64.Build.0 = Release|Any CPU
		{74C2F491-EDBB-4FD3-9D76-88250502CB30}.Release|x86.ActiveCfg = Release|Any CPU
		{74C2F491-EDBB-4FD3-9D76-88250502CB30}.Release|x86.Build.0 = Release|Any CPU
	EndGlobalSection
	GlobalSection(NestedProjects) = preSolution
		{0ECE5F45-68BB-40C1-BD44-752FDB97736B} = {F0B68295-6C2C-4495-8E7A-92641EAA6C37}
		{63DDCE32-5C4C-48FF-AB0A-9556F811D82F} = {F0B68295-6C2C-4495-8E7A-92641EAA6C37}
		{EC79026C-9F2D-4C17-8671-3AAE0E8261BA} = {F0B68295-6C2C-4495-8E7A-92641EAA6C37}
		{710C0681-7120-4578-AD88-C5CE40227D51} = {F0B68295-6C2C-4495-8E7A-92641EAA6C37}
		{5CBF7553-3C40-4A02-B148-9E2270691547} = {F0B68295-6C2C-4495-8E7A-92641EAA6C37}
		{57CCC219-FFD0-4321-8EA9-9941BA6C724E} = {F0B68295-6C2C-4495-8E7A-92641EAA6C37}
		{74C2F491-EDBB-4FD3-9D76-88250502CB30} = {F0B68295-6C2C-4495-8E7A-92641EAA6C37}
	EndGlobalSection
EndGlobal
